// !$*UTF8*$!
{
	archiveVersion = 1;
	classes = {
	};
	objectVersion = 46;
	objects = {

/* Begin PBXBuildFile section */
		361209ABC2C5BAF87FA47F3C /* Pods_MoeMALTests.framework in Frameworks */ = {isa = PBXBuildFile; fileRef = 4E2E3ADC53DC604E0BCB728E /* Pods_MoeMALTests.framework */; };
		5D25C28D1D4016D000C4CD11 /* NSColorFromHex.swift in Sources */ = {isa = PBXBuildFile; fileRef = 5D25C28C1D4016D000C4CD11 /* NSColorFromHex.swift */; };
		5D25C2901D40178700C4CD11 /* MMColors.swift in Sources */ = {isa = PBXBuildFile; fileRef = 5D25C28F1D40178700C4CD11 /* MMColors.swift */; };
		5D48B0791D3EED1D00AB798D /* AppDelegate.swift in Sources */ = {isa = PBXBuildFile; fileRef = 5D48B0781D3EED1D00AB798D /* AppDelegate.swift */; };
		5D48B07B1D3EED1D00AB798D /* ViewController.swift in Sources */ = {isa = PBXBuildFile; fileRef = 5D48B07A1D3EED1D00AB798D /* ViewController.swift */; };
		5D48B07D1D3EED1D00AB798D /* Assets.xcassets in Resources */ = {isa = PBXBuildFile; fileRef = 5D48B07C1D3EED1D00AB798D /* Assets.xcassets */; };
		5D48B0801D3EED1D00AB798D /* Main.storyboard in Resources */ = {isa = PBXBuildFile; fileRef = 5D48B07E1D3EED1D00AB798D /* Main.storyboard */; };
		5D48B08B1D3EED1D00AB798D /* MoeMALTests.swift in Sources */ = {isa = PBXBuildFile; fileRef = 5D48B08A1D3EED1D00AB798D /* MoeMALTests.swift */; };
		5D48B0961D3EED1D00AB798D /* MoeMALUITests.swift in Sources */ = {isa = PBXBuildFile; fileRef = 5D48B0951D3EED1D00AB798D /* MoeMALUITests.swift */; };
		5DC062AA1D3FF7D800EEBE8E /* MALObject.swift in Sources */ = {isa = PBXBuildFile; fileRef = 5DC062A91D3FF7D800EEBE8E /* MALObject.swift */; };
		5DC062AC1D3FF83F00EEBE8E /* MALAnime.swift in Sources */ = {isa = PBXBuildFile; fileRef = 5DC062AB1D3FF83F00EEBE8E /* MALAnime.swift */; };
		5DC062AE1D3FF85700EEBE8E /* MALManga.swift in Sources */ = {isa = PBXBuildFile; fileRef = 5DC062AD1D3FF85700EEBE8E /* MALManga.swift */; };
		ACFBE146FD16BF75D160AD00 /* Pods_MoeMALUITests.framework in Frameworks */ = {isa = PBXBuildFile; fileRef = BA5559A771266CB24C0131CC /* Pods_MoeMALUITests.framework */; };
		E56B8C8F040F345498312A67 /* Pods_MoeMAL.framework in Frameworks */ = {isa = PBXBuildFile; fileRef = 1D0F211F2A44EECF5CF9C5A4 /* Pods_MoeMAL.framework */; };
/* End PBXBuildFile section */

/* Begin PBXContainerItemProxy section */
		5D48B0871D3EED1D00AB798D /* PBXContainerItemProxy */ = {
			isa = PBXContainerItemProxy;
			containerPortal = 5D48B06D1D3EED1D00AB798D /* Project object */;
			proxyType = 1;
			remoteGlobalIDString = 5D48B0741D3EED1D00AB798D;
			remoteInfo = MoeMAL;
		};
		5D48B0921D3EED1D00AB798D /* PBXContainerItemProxy */ = {
			isa = PBXContainerItemProxy;
			containerPortal = 5D48B06D1D3EED1D00AB798D /* Project object */;
			proxyType = 1;
			remoteGlobalIDString = 5D48B0741D3EED1D00AB798D;
			remoteInfo = MoeMAL;
		};
/* End PBXContainerItemProxy section */

/* Begin PBXFileReference section */
		1D0F211F2A44EECF5CF9C5A4 /* Pods_MoeMAL.framework */ = {isa = PBXFileReference; explicitFileType = wrapper.framework; includeInIndex = 0; path = Pods_MoeMAL.framework; sourceTree = BUILT_PRODUCTS_DIR; };
		3EA9625081B87AD62020B75D /* Pods-MoeMALTests.debug.xcconfig */ = {isa = PBXFileReference; includeInIndex = 1; lastKnownFileType = text.xcconfig; name = "Pods-MoeMALTests.debug.xcconfig"; path = "Pods/Target Support Files/Pods-MoeMALTests/Pods-MoeMALTests.debug.xcconfig"; sourceTree = "<group>"; };
		470496766B75C29ACA63F81D /* Pods-MoeMAL.debug.xcconfig */ = {isa = PBXFileReference; includeInIndex = 1; lastKnownFileType = text.xcconfig; name = "Pods-MoeMAL.debug.xcconfig"; path = "Pods/Target Support Files/Pods-MoeMAL/Pods-MoeMAL.debug.xcconfig"; sourceTree = "<group>"; };
		4E2E3ADC53DC604E0BCB728E /* Pods_MoeMALTests.framework */ = {isa = PBXFileReference; explicitFileType = wrapper.framework; includeInIndex = 0; path = Pods_MoeMALTests.framework; sourceTree = BUILT_PRODUCTS_DIR; };
		5D25C28C1D4016D000C4CD11 /* NSColorFromHex.swift */ = {isa = PBXFileReference; fileEncoding = 4; lastKnownFileType = sourcecode.swift; path = NSColorFromHex.swift; sourceTree = "<group>"; };
		5D25C28F1D40178700C4CD11 /* MMColors.swift */ = {isa = PBXFileReference; fileEncoding = 4; lastKnownFileType = sourcecode.swift; path = MMColors.swift; sourceTree = "<group>"; };
		5D48B0751D3EED1D00AB798D /* MoeMAL.app */ = {isa = PBXFileReference; explicitFileType = wrapper.application; includeInIndex = 0; path = MoeMAL.app; sourceTree = BUILT_PRODUCTS_DIR; };
		5D48B0781D3EED1D00AB798D /* AppDelegate.swift */ = {isa = PBXFileReference; lastKnownFileType = sourcecode.swift; path = AppDelegate.swift; sourceTree = "<group>"; };
		5D48B07A1D3EED1D00AB798D /* ViewController.swift */ = {isa = PBXFileReference; lastKnownFileType = sourcecode.swift; path = ViewController.swift; sourceTree = "<group>"; };
		5D48B07C1D3EED1D00AB798D /* Assets.xcassets */ = {isa = PBXFileReference; lastKnownFileType = folder.assetcatalog; path = Assets.xcassets; sourceTree = "<group>"; };
		5D48B07F1D3EED1D00AB798D /* Base */ = {isa = PBXFileReference; lastKnownFileType = file.storyboard; name = Base; path = Base.lproj/Main.storyboard; sourceTree = "<group>"; };
		5D48B0811D3EED1D00AB798D /* Info.plist */ = {isa = PBXFileReference; lastKnownFileType = text.plist.xml; path = Info.plist; sourceTree = "<group>"; };
		5D48B0861D3EED1D00AB798D /* MoeMALTests.xctest */ = {isa = PBXFileReference; explicitFileType = wrapper.cfbundle; includeInIndex = 0; path = MoeMALTests.xctest; sourceTree = BUILT_PRODUCTS_DIR; };
		5D48B08A1D3EED1D00AB798D /* MoeMALTests.swift */ = {isa = PBXFileReference; lastKnownFileType = sourcecode.swift; path = MoeMALTests.swift; sourceTree = "<group>"; };
		5D48B08C1D3EED1D00AB798D /* Info.plist */ = {isa = PBXFileReference; lastKnownFileType = text.plist.xml; path = Info.plist; sourceTree = "<group>"; };
		5D48B0911D3EED1D00AB798D /* MoeMALUITests.xctest */ = {isa = PBXFileReference; explicitFileType = wrapper.cfbundle; includeInIndex = 0; path = MoeMALUITests.xctest; sourceTree = BUILT_PRODUCTS_DIR; };
		5D48B0951D3EED1D00AB798D /* MoeMALUITests.swift */ = {isa = PBXFileReference; lastKnownFileType = sourcecode.swift; path = MoeMALUITests.swift; sourceTree = "<group>"; };
		5D48B0971D3EED1D00AB798D /* Info.plist */ = {isa = PBXFileReference; lastKnownFileType = text.plist.xml; path = Info.plist; sourceTree = "<group>"; };
		5DC062A91D3FF7D800EEBE8E /* MALObject.swift */ = {isa = PBXFileReference; fileEncoding = 4; lastKnownFileType = sourcecode.swift; path = MALObject.swift; sourceTree = "<group>"; };
		5DC062AB1D3FF83F00EEBE8E /* MALAnime.swift */ = {isa = PBXFileReference; fileEncoding = 4; lastKnownFileType = sourcecode.swift; path = MALAnime.swift; sourceTree = "<group>"; };
		5DC062AD1D3FF85700EEBE8E /* MALManga.swift */ = {isa = PBXFileReference; fileEncoding = 4; lastKnownFileType = sourcecode.swift; path = MALManga.swift; sourceTree = "<group>"; };
		A823766E2F9043527E776919 /* Pods-MoeMALUITests.release.xcconfig */ = {isa = PBXFileReference; includeInIndex = 1; lastKnownFileType = text.xcconfig; name = "Pods-MoeMALUITests.release.xcconfig"; path = "Pods/Target Support Files/Pods-MoeMALUITests/Pods-MoeMALUITests.release.xcconfig"; sourceTree = "<group>"; };
		BA5559A771266CB24C0131CC /* Pods_MoeMALUITests.framework */ = {isa = PBXFileReference; explicitFileType = wrapper.framework; includeInIndex = 0; path = Pods_MoeMALUITests.framework; sourceTree = BUILT_PRODUCTS_DIR; };
		CA21C9665D029640484178FD /* Pods-MoeMAL.release.xcconfig */ = {isa = PBXFileReference; includeInIndex = 1; lastKnownFileType = text.xcconfig; name = "Pods-MoeMAL.release.xcconfig"; path = "Pods/Target Support Files/Pods-MoeMAL/Pods-MoeMAL.release.xcconfig"; sourceTree = "<group>"; };
		CB3B2662026C1590E00006C4 /* Pods-MoeMALUITests.debug.xcconfig */ = {isa = PBXFileReference; includeInIndex = 1; lastKnownFileType = text.xcconfig; name = "Pods-MoeMALUITests.debug.xcconfig"; path = "Pods/Target Support Files/Pods-MoeMALUITests/Pods-MoeMALUITests.debug.xcconfig"; sourceTree = "<group>"; };
		DD490C87774556E5D7BCA140 /* Pods-MoeMALTests.release.xcconfig */ = {isa = PBXFileReference; includeInIndex = 1; lastKnownFileType = text.xcconfig; name = "Pods-MoeMALTests.release.xcconfig"; path = "Pods/Target Support Files/Pods-MoeMALTests/Pods-MoeMALTests.release.xcconfig"; sourceTree = "<group>"; };
/* End PBXFileReference section */

/* Begin PBXFrameworksBuildPhase section */
		5D48B0721D3EED1D00AB798D /* Frameworks */ = {
			isa = PBXFrameworksBuildPhase;
			buildActionMask = 2147483647;
			files = (
				E56B8C8F040F345498312A67 /* Pods_MoeMAL.framework in Frameworks */,
			);
			runOnlyForDeploymentPostprocessing = 0;
		};
		5D48B0831D3EED1D00AB798D /* Frameworks */ = {
			isa = PBXFrameworksBuildPhase;
			buildActionMask = 2147483647;
			files = (
				361209ABC2C5BAF87FA47F3C /* Pods_MoeMALTests.framework in Frameworks */,
			);
			runOnlyForDeploymentPostprocessing = 0;
		};
		5D48B08E1D3EED1D00AB798D /* Frameworks */ = {
			isa = PBXFrameworksBuildPhase;
			buildActionMask = 2147483647;
			files = (
				ACFBE146FD16BF75D160AD00 /* Pods_MoeMALUITests.framework in Frameworks */,
			);
			runOnlyForDeploymentPostprocessing = 0;
		};
/* End PBXFrameworksBuildPhase section */

/* Begin PBXGroup section */
		271E25D9CC364BB07B2BD098 /* Frameworks */ = {
			isa = PBXGroup;
			children = (
				1D0F211F2A44EECF5CF9C5A4 /* Pods_MoeMAL.framework */,
				4E2E3ADC53DC604E0BCB728E /* Pods_MoeMALTests.framework */,
				BA5559A771266CB24C0131CC /* Pods_MoeMALUITests.framework */,
			);
			name = Frameworks;
			sourceTree = "<group>";
		};
		5D25C28A1D4016BB00C4CD11 /* Libraries */ = {
			isa = PBXGroup;
			children = (
				5D25C28B1D4016C800C4CD11 /* NSColorFromHex */,
			);
			name = Libraries;
			sourceTree = "<group>";
		};
		5D25C28B1D4016C800C4CD11 /* NSColorFromHex */ = {
			isa = PBXGroup;
			children = (
				5D25C28C1D4016D000C4CD11 /* NSColorFromHex.swift */,
			);
			name = NSColorFromHex;
			sourceTree = "<group>";
		};
		5D25C28E1D40177400C4CD11 /* Objects */ = {
			isa = PBXGroup;
			children = (
				5D25C28F1D40178700C4CD11 /* MMColors.swift */,
			);
			name = Objects;
			sourceTree = "<group>";
		};
		5D48B06C1D3EED1D00AB798D = {
			isa = PBXGroup;
			children = (
				5D48B0771D3EED1D00AB798D /* MoeMAL */,
				5D48B0891D3EED1D00AB798D /* MoeMALTests */,
				5D48B0941D3EED1D00AB798D /* MoeMALUITests */,
				5D48B0761D3EED1D00AB798D /* Products */,
				8E6B5C0054CED346B148B3AF /* Pods */,
				271E25D9CC364BB07B2BD098 /* Frameworks */,
			);
			sourceTree = "<group>";
		};
		5D48B0761D3EED1D00AB798D /* Products */ = {
			isa = PBXGroup;
			children = (
				5D48B0751D3EED1D00AB798D /* MoeMAL.app */,
				5D48B0861D3EED1D00AB798D /* MoeMALTests.xctest */,
				5D48B0911D3EED1D00AB798D /* MoeMALUITests.xctest */,
			);
			name = Products;
			sourceTree = "<group>";
		};
		5D48B0771D3EED1D00AB798D /* MoeMAL */ = {
			isa = PBXGroup;
			children = (
				5D48B0781D3EED1D00AB798D /* AppDelegate.swift */,
				5D48B07A1D3EED1D00AB798D /* ViewController.swift */,
				5DC062A71D3FF7BA00EEBE8E /* Storyboards */,
				5D25C28E1D40177400C4CD11 /* Objects */,
				5DC062A61D3FF7AD00EEBE8E /* MAL API */,
				5D25C28A1D4016BB00C4CD11 /* Libraries */,
				5D48B07C1D3EED1D00AB798D /* Assets.xcassets */,
				5D48B0811D3EED1D00AB798D /* Info.plist */,
			);
			path = MoeMAL;
			sourceTree = "<group>";
		};
		5D48B0891D3EED1D00AB798D /* MoeMALTests */ = {
			isa = PBXGroup;
			children = (
				5D48B08A1D3EED1D00AB798D /* MoeMALTests.swift */,
				5D48B08C1D3EED1D00AB798D /* Info.plist */,
			);
			path = MoeMALTests;
			sourceTree = "<group>";
		};
		5D48B0941D3EED1D00AB798D /* MoeMALUITests */ = {
			isa = PBXGroup;
			children = (
				5D48B0951D3EED1D00AB798D /* MoeMALUITests.swift */,
				5D48B0971D3EED1D00AB798D /* Info.plist */,
			);
			path = MoeMALUITests;
			sourceTree = "<group>";
		};
		5DC062A61D3FF7AD00EEBE8E /* MAL API */ = {
			isa = PBXGroup;
			children = (
				5DC062A81D3FF7CB00EEBE8E /* Objects */,
			);
			name = "MAL API";
			sourceTree = "<group>";
		};
		5DC062A71D3FF7BA00EEBE8E /* Storyboards */ = {
			isa = PBXGroup;
			children = (
				5D48B07E1D3EED1D00AB798D /* Main.storyboard */,
			);
			name = Storyboards;
			sourceTree = "<group>";
		};
		5DC062A81D3FF7CB00EEBE8E /* Objects */ = {
			isa = PBXGroup;
			children = (
				5DC062A91D3FF7D800EEBE8E /* MALObject.swift */,
				5DC062AB1D3FF83F00EEBE8E /* MALAnime.swift */,
				5DC062AD1D3FF85700EEBE8E /* MALManga.swift */,
			);
			name = Objects;
			sourceTree = "<group>";
		};
		8E6B5C0054CED346B148B3AF /* Pods */ = {
			isa = PBXGroup;
			children = (
				470496766B75C29ACA63F81D /* Pods-MoeMAL.debug.xcconfig */,
				CA21C9665D029640484178FD /* Pods-MoeMAL.release.xcconfig */,
				3EA9625081B87AD62020B75D /* Pods-MoeMALTests.debug.xcconfig */,
				DD490C87774556E5D7BCA140 /* Pods-MoeMALTests.release.xcconfig */,
				CB3B2662026C1590E00006C4 /* Pods-MoeMALUITests.debug.xcconfig */,
				A823766E2F9043527E776919 /* Pods-MoeMALUITests.release.xcconfig */,
			);
			name = Pods;
			sourceTree = "<group>";
		};
/* End PBXGroup section */

/* Begin PBXNativeTarget section */
		5D48B0741D3EED1D00AB798D /* MoeMAL */ = {
			isa = PBXNativeTarget;
			buildConfigurationList = 5D48B09A1D3EED1D00AB798D /* Build configuration list for PBXNativeTarget "MoeMAL" */;
			buildPhases = (
				AC0B7E881CF66C9D88426F13 /* 📦 Check Pods Manifest.lock */,
				5D48B0711D3EED1D00AB798D /* Sources */,
				5D48B0721D3EED1D00AB798D /* Frameworks */,
				5D48B0731D3EED1D00AB798D /* Resources */,
				37AB275C12C7469BD8DD307E /* 📦 Embed Pods Frameworks */,
				77D592D3C7D12164B745A9E2 /* 📦 Copy Pods Resources */,
			);
			buildRules = (
			);
			dependencies = (
			);
			name = MoeMAL;
			productName = MoeMAL;
			productReference = 5D48B0751D3EED1D00AB798D /* MoeMAL.app */;
			productType = "com.apple.product-type.application";
		};
		5D48B0851D3EED1D00AB798D /* MoeMALTests */ = {
			isa = PBXNativeTarget;
			buildConfigurationList = 5D48B09D1D3EED1D00AB798D /* Build configuration list for PBXNativeTarget "MoeMALTests" */;
			buildPhases = (
				4444F56CFF1D6170B6844DFB /* 📦 Check Pods Manifest.lock */,
				5D48B0821D3EED1D00AB798D /* Sources */,
				5D48B0831D3EED1D00AB798D /* Frameworks */,
				5D48B0841D3EED1D00AB798D /* Resources */,
				23A35F38F6C4099EB1A9DE5B /* 📦 Embed Pods Frameworks */,
				1B9CD14233E56026F91FE9F8 /* 📦 Copy Pods Resources */,
			);
			buildRules = (
			);
			dependencies = (
				5D48B0881D3EED1D00AB798D /* PBXTargetDependency */,
			);
			name = MoeMALTests;
			productName = MoeMALTests;
			productReference = 5D48B0861D3EED1D00AB798D /* MoeMALTests.xctest */;
			productType = "com.apple.product-type.bundle.unit-test";
		};
		5D48B0901D3EED1D00AB798D /* MoeMALUITests */ = {
			isa = PBXNativeTarget;
			buildConfigurationList = 5D48B0A01D3EED1D00AB798D /* Build configuration list for PBXNativeTarget "MoeMALUITests" */;
			buildPhases = (
				89A793EFD95814748C9E7EB7 /* 📦 Check Pods Manifest.lock */,
				5D48B08D1D3EED1D00AB798D /* Sources */,
				5D48B08E1D3EED1D00AB798D /* Frameworks */,
				5D48B08F1D3EED1D00AB798D /* Resources */,
				85C4890B87BB314BFE1EBE84 /* 📦 Copy Pods Resources */,
			);
			buildRules = (
			);
			dependencies = (
				5D48B0931D3EED1D00AB798D /* PBXTargetDependency */,
			);
			name = MoeMALUITests;
			productName = MoeMALUITests;
			productReference = 5D48B0911D3EED1D00AB798D /* MoeMALUITests.xctest */;
			productType = "com.apple.product-type.bundle.ui-testing";
		};
/* End PBXNativeTarget section */

/* Begin PBXProject section */
		5D48B06D1D3EED1D00AB798D /* Project object */ = {
			isa = PBXProject;
			attributes = {
				LastSwiftUpdateCheck = 0720;
				LastUpgradeCheck = 0720;
				ORGANIZATIONNAME = DrabWeb;
				TargetAttributes = {
					5D48B0741D3EED1D00AB798D = {
						CreatedOnToolsVersion = 7.2;
					};
					5D48B0851D3EED1D00AB798D = {
						CreatedOnToolsVersion = 7.2;
						TestTargetID = 5D48B0741D3EED1D00AB798D;
					};
					5D48B0901D3EED1D00AB798D = {
						CreatedOnToolsVersion = 7.2;
						TestTargetID = 5D48B0741D3EED1D00AB798D;
					};
				};
			};
			buildConfigurationList = 5D48B0701D3EED1D00AB798D /* Build configuration list for PBXProject "MoeMAL" */;
			compatibilityVersion = "Xcode 3.2";
			developmentRegion = English;
			hasScannedForEncodings = 0;
			knownRegions = (
				en,
				Base,
			);
			mainGroup = 5D48B06C1D3EED1D00AB798D;
			productRefGroup = 5D48B0761D3EED1D00AB798D /* Products */;
			projectDirPath = "";
			projectRoot = "";
			targets = (
				5D48B0741D3EED1D00AB798D /* MoeMAL */,
				5D48B0851D3EED1D00AB798D /* MoeMALTests */,
				5D48B0901D3EED1D00AB798D /* MoeMALUITests */,
			);
		};
/* End PBXProject section */

/* Begin PBXResourcesBuildPhase section */
		5D48B0731D3EED1D00AB798D /* Resources */ = {
			isa = PBXResourcesBuildPhase;
			buildActionMask = 2147483647;
			files = (
				5D48B07D1D3EED1D00AB798D /* Assets.xcassets in Resources */,
				5D48B0801D3EED1D00AB798D /* Main.storyboard in Resources */,
			);
			runOnlyForDeploymentPostprocessing = 0;
		};
		5D48B0841D3EED1D00AB798D /* Resources */ = {
			isa = PBXResourcesBuildPhase;
			buildActionMask = 2147483647;
			files = (
			);
			runOnlyForDeploymentPostprocessing = 0;
		};
		5D48B08F1D3EED1D00AB798D /* Resources */ = {
			isa = PBXResourcesBuildPhase;
			buildActionMask = 2147483647;
			files = (
			);
			runOnlyForDeploymentPostprocessing = 0;
		};
/* End PBXResourcesBuildPhase section */

/* Begin PBXShellScriptBuildPhase section */
		1B9CD14233E56026F91FE9F8 /* 📦 Copy Pods Resources */ = {
			isa = PBXShellScriptBuildPhase;
			buildActionMask = 2147483647;
			files = (
			);
			inputPaths = (
			);
			name = "📦 Copy Pods Resources";
			outputPaths = (
			);
			runOnlyForDeploymentPostprocessing = 0;
			shellPath = /bin/sh;
			shellScript = "\"${SRCROOT}/Pods/Target Support Files/Pods-MoeMALTests/Pods-MoeMALTests-resources.sh\"\n";
			showEnvVarsInLog = 0;
		};
		23A35F38F6C4099EB1A9DE5B /* 📦 Embed Pods Frameworks */ = {
			isa = PBXShellScriptBuildPhase;
			buildActionMask = 2147483647;
			files = (
			);
			inputPaths = (
			);
			name = "📦 Embed Pods Frameworks";
			outputPaths = (
			);
			runOnlyForDeploymentPostprocessing = 0;
			shellPath = /bin/sh;
			shellScript = "\"${SRCROOT}/Pods/Target Support Files/Pods-MoeMALTests/Pods-MoeMALTests-frameworks.sh\"\n";
			showEnvVarsInLog = 0;
		};
		37AB275C12C7469BD8DD307E /* 📦 Embed Pods Frameworks */ = {
			isa = PBXShellScriptBuildPhase;
			buildActionMask = 2147483647;
			files = (
			);
			inputPaths = (
			);
			name = "📦 Embed Pods Frameworks";
			outputPaths = (
			);
			runOnlyForDeploymentPostprocessing = 0;
			shellPath = /bin/sh;
			shellScript = "\"${SRCROOT}/Pods/Target Support Files/Pods-MoeMAL/Pods-MoeMAL-frameworks.sh\"\n";
			showEnvVarsInLog = 0;
		};
		4444F56CFF1D6170B6844DFB /* 📦 Check Pods Manifest.lock */ = {
			isa = PBXShellScriptBuildPhase;
			buildActionMask = 2147483647;
			files = (
			);
			inputPaths = (
			);
			name = "📦 Check Pods Manifest.lock";
			outputPaths = (
			);
			runOnlyForDeploymentPostprocessing = 0;
			shellPath = /bin/sh;
			shellScript = "diff \"${PODS_ROOT}/../Podfile.lock\" \"${PODS_ROOT}/Manifest.lock\" > /dev/null\nif [[ $? != 0 ]] ; then\n    cat << EOM\nerror: The sandbox is not in sync with the Podfile.lock. Run 'pod install' or update your CocoaPods installation.\nEOM\n    exit 1\nfi\n";
			showEnvVarsInLog = 0;
		};
		77D592D3C7D12164B745A9E2 /* 📦 Copy Pods Resources */ = {
			isa = PBXShellScriptBuildPhase;
			buildActionMask = 2147483647;
			files = (
			);
			inputPaths = (
			);
			name = "📦 Copy Pods Resources";
			outputPaths = (
			);
			runOnlyForDeploymentPostprocessing = 0;
			shellPath = /bin/sh;
			shellScript = "\"${SRCROOT}/Pods/Target Support Files/Pods-MoeMAL/Pods-MoeMAL-resources.sh\"\n";
			showEnvVarsInLog = 0;
		};
		85C4890B87BB314BFE1EBE84 /* 📦 Copy Pods Resources */ = {
			isa = PBXShellScriptBuildPhase;
			buildActionMask = 2147483647;
			files = (
			);
			inputPaths = (
			);
			name = "📦 Copy Pods Resources";
			outputPaths = (
			);
			runOnlyForDeploymentPostprocessing = 0;
			shellPath = /bin/sh;
			shellScript = "\"${SRCROOT}/Pods/Target Support Files/Pods-MoeMALUITests/Pods-MoeMALUITests-resources.sh\"\n";
			showEnvVarsInLog = 0;
		};
		89A793EFD95814748C9E7EB7 /* 📦 Check Pods Manifest.lock */ = {
			isa = PBXShellScriptBuildPhase;
			buildActionMask = 2147483647;
			files = (
			);
			inputPaths = (
			);
			name = "📦 Check Pods Manifest.lock";
			outputPaths = (
			);
			runOnlyForDeploymentPostprocessing = 0;
			shellPath = /bin/sh;
			shellScript = "diff \"${PODS_ROOT}/../Podfile.lock\" \"${PODS_ROOT}/Manifest.lock\" > /dev/null\nif [[ $? != 0 ]] ; then\n    cat << EOM\nerror: The sandbox is not in sync with the Podfile.lock. Run 'pod install' or update your CocoaPods installation.\nEOM\n    exit 1\nfi\n";
			showEnvVarsInLog = 0;
		};
		AC0B7E881CF66C9D88426F13 /* 📦 Check Pods Manifest.lock */ = {
			isa = PBXShellScriptBuildPhase;
			buildActionMask = 2147483647;
			files = (
			);
			inputPaths = (
			);
			name = "📦 Check Pods Manifest.lock";
			outputPaths = (
			);
			runOnlyForDeploymentPostprocessing = 0;
			shellPath = /bin/sh;
			shellScript = "diff \"${PODS_ROOT}/../Podfile.lock\" \"${PODS_ROOT}/Manifest.lock\" > /dev/null\nif [[ $? != 0 ]] ; then\n    cat << EOM\nerror: The sandbox is not in sync with the Podfile.lock. Run 'pod install' or update your CocoaPods installation.\nEOM\n    exit 1\nfi\n";
			showEnvVarsInLog = 0;
		};
/* End PBXShellScriptBuildPhase section */

/* Begin PBXSourcesBuildPhase section */
		5D48B0711D3EED1D00AB798D /* Sources */ = {
			isa = PBXSourcesBuildPhase;
			buildActionMask = 2147483647;
			files = (
				5D48B07B1D3EED1D00AB798D /* ViewController.swift in Sources */,
				5DC062AC1D3FF83F00EEBE8E /* MALAnime.swift in Sources */,
				5DC062AA1D3FF7D800EEBE8E /* MALObject.swift in Sources */,
				5DC062AE1D3FF85700EEBE8E /* MALManga.swift in Sources */,
				5D25C2901D40178700C4CD11 /* MMColors.swift in Sources */,
				5D25C28D1D4016D000C4CD11 /* NSColorFromHex.swift in Sources */,
				5D48B0791D3EED1D00AB798D /* AppDelegate.swift in Sources */,
			);
			runOnlyForDeploymentPostprocessing = 0;
		};
		5D48B0821D3EED1D00AB798D /* Sources */ = {
			isa = PBXSourcesBuildPhase;
			buildActionMask = 2147483647;
			files = (
				5D48B08B1D3EED1D00AB798D /* MoeMALTests.swift in Sources */,
			);
			runOnlyForDeploymentPostprocessing = 0;
		};
		5D48B08D1D3EED1D00AB798D /* Sources */ = {
			isa = PBXSourcesBuildPhase;
			buildActionMask = 2147483647;
			files = (
				5D48B0961D3EED1D00AB798D /* MoeMALUITests.swift in Sources */,
			);
			runOnlyForDeploymentPostprocessing = 0;
		};
/* End PBXSourcesBuildPhase section */

/* Begin PBXTargetDependency section */
		5D48B0881D3EED1D00AB798D /* PBXTargetDependency */ = {
			isa = PBXTargetDependency;
			target = 5D48B0741D3EED1D00AB798D /* MoeMAL */;
			targetProxy = 5D48B0871D3EED1D00AB798D /* PBXContainerItemProxy */;
		};
		5D48B0931D3EED1D00AB798D /* PBXTargetDependency */ = {
			isa = PBXTargetDependency;
			target = 5D48B0741D3EED1D00AB798D /* MoeMAL */;
			targetProxy = 5D48B0921D3EED1D00AB798D /* PBXContainerItemProxy */;
		};
/* End PBXTargetDependency section */

/* Begin PBXVariantGroup section */
		5D48B07E1D3EED1D00AB798D /* Main.storyboard */ = {
			isa = PBXVariantGroup;
			children = (
				5D48B07F1D3EED1D00AB798D /* Base */,
			);
			name = Main.storyboard;
			sourceTree = "<group>";
		};
/* End PBXVariantGroup section */

/* Begin XCBuildConfiguration section */
		5D48B0981D3EED1D00AB798D /* Debug */ = {
			isa = XCBuildConfiguration;
			buildSettings = {
				ALWAYS_SEARCH_USER_PATHS = NO;
				CLANG_CXX_LANGUAGE_STANDARD = "gnu++0x";
				CLANG_CXX_LIBRARY = "libc++";
				CLANG_ENABLE_MODULES = YES;
				CLANG_ENABLE_OBJC_ARC = YES;
				CLANG_WARN_BOOL_CONVERSION = YES;
				CLANG_WARN_CONSTANT_CONVERSION = YES;
				CLANG_WARN_DIRECT_OBJC_ISA_USAGE = YES_ERROR;
				CLANG_WARN_EMPTY_BODY = YES;
				CLANG_WARN_ENUM_CONVERSION = YES;
				CLANG_WARN_INT_CONVERSION = YES;
				CLANG_WARN_OBJC_ROOT_CLASS = YES_ERROR;
				CLANG_WARN_UNREACHABLE_CODE = YES;
				CLANG_WARN__DUPLICATE_METHOD_MATCH = YES;
				CODE_SIGN_IDENTITY = "-";
				COPY_PHASE_STRIP = NO;
				DEBUG_INFORMATION_FORMAT = dwarf;
				ENABLE_STRICT_OBJC_MSGSEND = YES;
				ENABLE_TESTABILITY = YES;
				GCC_C_LANGUAGE_STANDARD = gnu99;
				GCC_DYNAMIC_NO_PIC = NO;
				GCC_NO_COMMON_BLOCKS = YES;
				GCC_OPTIMIZATION_LEVEL = 0;
				GCC_PREPROCESSOR_DEFINITIONS = (
					"DEBUG=1",
					"$(inherited)",
				);
				GCC_WARN_64_TO_32_BIT_CONVERSION = YES;
				GCC_WARN_ABOUT_RETURN_TYPE = YES_ERROR;
				GCC_WARN_UNDECLARED_SELECTOR = YES;
				GCC_WARN_UNINITIALIZED_AUTOS = YES_AGGRESSIVE;
				GCC_WARN_UNUSED_FUNCTION = YES;
				GCC_WARN_UNUSED_VARIABLE = YES;
				MACOSX_DEPLOYMENT_TARGET = 10.11;
				MTL_ENABLE_DEBUG_INFO = YES;
				ONLY_ACTIVE_ARCH = YES;
				SDKROOT = macosx;
				SWIFT_OPTIMIZATION_LEVEL = "-Onone";
			};
			name = Debug;
		};
		5D48B0991D3EED1D00AB798D /* Release */ = {
			isa = XCBuildConfiguration;
			buildSettings = {
				ALWAYS_SEARCH_USER_PATHS = NO;
				CLANG_CXX_LANGUAGE_STANDARD = "gnu++0x";
				CLANG_CXX_LIBRARY = "libc++";
				CLANG_ENABLE_MODULES = YES;
				CLANG_ENABLE_OBJC_ARC = YES;
				CLANG_WARN_BOOL_CONVERSION = YES;
				CLANG_WARN_CONSTANT_CONVERSION = YES;
				CLANG_WARN_DIRECT_OBJC_ISA_USAGE = YES_ERROR;
				CLANG_WARN_EMPTY_BODY = YES;
				CLANG_WARN_ENUM_CONVERSION = YES;
				CLANG_WARN_INT_CONVERSION = YES;
				CLANG_WARN_OBJC_ROOT_CLASS = YES_ERROR;
				CLANG_WARN_UNREACHABLE_CODE = YES;
				CLANG_WARN__DUPLICATE_METHOD_MATCH = YES;
				CODE_SIGN_IDENTITY = "-";
				COPY_PHASE_STRIP = NO;
				DEBUG_INFORMATION_FORMAT = "dwarf-with-dsym";
				ENABLE_NS_ASSERTIONS = NO;
				ENABLE_STRICT_OBJC_MSGSEND = YES;
				GCC_C_LANGUAGE_STANDARD = gnu99;
				GCC_NO_COMMON_BLOCKS = YES;
				GCC_WARN_64_TO_32_BIT_CONVERSION = YES;
				GCC_WARN_ABOUT_RETURN_TYPE = YES_ERROR;
				GCC_WARN_UNDECLARED_SELECTOR = YES;
				GCC_WARN_UNINITIALIZED_AUTOS = YES_AGGRESSIVE;
				GCC_WARN_UNUSED_FUNCTION = YES;
				GCC_WARN_UNUSED_VARIABLE = YES;
				MACOSX_DEPLOYMENT_TARGET = 10.11;
				MTL_ENABLE_DEBUG_INFO = NO;
				SDKROOT = macosx;
			};
			name = Release;
		};
		5D48B09B1D3EED1D00AB798D /* Debug */ = {
			isa = XCBuildConfiguration;
			baseConfigurationReference = 470496766B75C29ACA63F81D /* Pods-MoeMAL.debug.xcconfig */;
			buildSettings = {
				ASSETCATALOG_COMPILER_APPICON_NAME = AppIcon;
				COMBINE_HIDPI_IMAGES = YES;
				INFOPLIST_FILE = MoeMAL/Info.plist;
				LD_RUNPATH_SEARCH_PATHS = "$(inherited) @executable_path/../Frameworks";
				PRODUCT_BUNDLE_IDENTIFIER = drabweb.MoeMAL;
				PRODUCT_NAME = "$(TARGET_NAME)";
			};
			name = Debug;
		};
		5D48B09C1D3EED1D00AB798D /* Release */ = {
			isa = XCBuildConfiguration;
			baseConfigurationReference = CA21C9665D029640484178FD /* Pods-MoeMAL.release.xcconfig */;
			buildSettings = {
				ASSETCATALOG_COMPILER_APPICON_NAME = AppIcon;
				COMBINE_HIDPI_IMAGES = YES;
				INFOPLIST_FILE = MoeMAL/Info.plist;
				LD_RUNPATH_SEARCH_PATHS = "$(inherited) @executable_path/../Frameworks";
				PRODUCT_BUNDLE_IDENTIFIER = drabweb.MoeMAL;
				PRODUCT_NAME = "$(TARGET_NAME)";
			};
			name = Release;
		};
		5D48B09E1D3EED1D00AB798D /* Debug */ = {
			isa = XCBuildConfiguration;
			baseConfigurationReference = 3EA9625081B87AD62020B75D /* Pods-MoeMALTests.debug.xcconfig */;
			buildSettings = {
				BUNDLE_LOADER = "$(TEST_HOST)";
				COMBINE_HIDPI_IMAGES = YES;
				INFOPLIST_FILE = MoeMALTests/Info.plist;
				LD_RUNPATH_SEARCH_PATHS = "$(inherited) @executable_path/../Frameworks @loader_path/../Frameworks";
				PRODUCT_BUNDLE_IDENTIFIER = drabweb.MoeMALTests;
				PRODUCT_NAME = "$(TARGET_NAME)";
				TEST_HOST = "$(BUILT_PRODUCTS_DIR)/MoeMAL.app/Contents/MacOS/MoeMAL";
			};
			name = Debug;
		};
		5D48B09F1D3EED1D00AB798D /* Release */ = {
			isa = XCBuildConfiguration;
			baseConfigurationReference = DD490C87774556E5D7BCA140 /* Pods-MoeMALTests.release.xcconfig */;
			buildSettings = {
				BUNDLE_LOADER = "$(TEST_HOST)";
				COMBINE_HIDPI_IMAGES = YES;
				INFOPLIST_FILE = MoeMALTests/Info.plist;
				LD_RUNPATH_SEARCH_PATHS = "$(inherited) @executable_path/../Frameworks @loader_path/../Frameworks";
				PRODUCT_BUNDLE_IDENTIFIER = drabweb.MoeMALTests;
				PRODUCT_NAME = "$(TARGET_NAME)";
				TEST_HOST = "$(BUILT_PRODUCTS_DIR)/MoeMAL.app/Contents/MacOS/MoeMAL";
			};
			name = Release;
		};
		5D48B0A11D3EED1D00AB798D /* Debug */ = {
			isa = XCBuildConfiguration;
			baseConfigurationReference = CB3B2662026C1590E00006C4 /* Pods-MoeMALUITests.debug.xcconfig */;
			buildSettings = {
				COMBINE_HIDPI_IMAGES = YES;
				INFOPLIST_FILE = MoeMALUITests/Info.plist;
				LD_RUNPATH_SEARCH_PATHS = "$(inherited) @executable_path/../Frameworks @loader_path/../Frameworks";
				PRODUCT_BUNDLE_IDENTIFIER = drabweb.MoeMALUITests;
				PRODUCT_NAME = "$(TARGET_NAME)";
				TEST_TARGET_NAME = MoeMAL;
				USES_XCTRUNNER = YES;
			};
			name = Debug;
		};
		5D48B0A21D3EED1D00AB798D /* Release */ = {
			isa = XCBuildConfiguration;
			baseConfigurationReference = A823766E2F9043527E776919 /* Pods-MoeMALUITests.release.xcconfig */;
			buildSettings = {
				COMBINE_HIDPI_IMAGES = YES;
				INFOPLIST_FILE = MoeMALUITests/Info.plist;
				LD_RUNPATH_SEARCH_PATHS = "$(inherited) @executable_path/../Frameworks @loader_path/../Frameworks";
				PRODUCT_BUNDLE_IDENTIFIER = drabweb.MoeMALUITests;
				PRODUCT_NAME = "$(TARGET_NAME)";
				TEST_TARGET_NAME = MoeMAL;
				USES_XCTRUNNER = YES;
			};
			name = Release;
		};
/* End XCBuildConfiguration section */

/* Begin XCConfigurationList section */
		5D48B0701D3EED1D00AB798D /* Build configuration list for PBXProject "MoeMAL" */ = {
			isa = XCConfigurationList;
			buildConfigurations = (
				5D48B0981D3EED1D00AB798D /* Debug */,
				5D48B0991D3EED1D00AB798D /* Release */,
			);
			defaultConfigurationIsVisible = 0;
			defaultConfigurationName = Release;
		};
		5D48B09A1D3EED1D00AB798D /* Build configuration list for PBXNativeTarget "MoeMAL" */ = {
			isa = XCConfigurationList;
			buildConfigurations = (
				5D48B09B1D3EED1D00AB798D /* Debug */,
				5D48B09C1D3EED1D00AB798D /* Release */,
			);
			defaultConfigurationIsVisible = 0;
			defaultConfigurationName = Release;
		};
		5D48B09D1D3EED1D00AB798D /* Build configuration list for PBXNativeTarget "MoeMALTests" */ = {
			isa = XCConfigurationList;
			buildConfigurations = (
				5D48B09E1D3EED1D00AB798D /* Debug */,
				5D48B09F1D3EED1D00AB798D /* Release */,
			);
			defaultConfigurationIsVisible = 0;
			defaultConfigurationName = Release;
		};
		5D48B0A01D3EED1D00AB798D /* Build configuration list for PBXNativeTarget "MoeMALUITests" */ = {
			isa = XCConfigurationList;
			buildConfigurations = (
				5D48B0A11D3EED1D00AB798D /* Debug */,
				5D48B0A21D3EED1D00AB798D /* Release */,
			);
			defaultConfigurationIsVisible = 0;
			defaultConfigurationName = Release;
		};
/* End XCConfigurationList section */
	};
	rootObject = 5D48B06D1D3EED1D00AB798D /* Project object */;
}
